{
  "name": "sample",
  "version": "1.0.0",
  "lockfileVersion": 1,
  "requires": true,
  "dependencies": {
    "tc-version": {
      "version": "0.2.0",
      "resolved": "https://registry.npmjs.org/tc-version/-/tc-version-0.2.0.tgz",
      "integrity": "sha512-41WtMiNRqrD3LKxVNZUWU1Ibq6XzRHlluYfRXsGvXryKhGU3rNYv+yJsB4majIkGGLEkUl3xIK1G1xKWIYb/iQ=="
    }
  }
}
