{
  "name": "sample",
  "version": "1.0.0",
  "lockfileVersion": 1,
  "requires": true,
  "dependencies": {
    "tc-version": {
      "version": "0.2.1",
      "resolved": "https://registry.npmjs.org/tc-version/-/tc-version-0.2.1.tgz",
      "integrity": "sha512-ioDo5QDRt5/i2mZ+Slwb/UFjz9496wfYVzw4LIQ3CSGoYIbwEbd0Nov00BcQdBHcQFP0k0zEyzud40JP29RNMg=="
    }
  }
}
