{
  "name": "sample",
  "version": "1.0.0",
  "lockfileVersion": 1,
  "requires": true,
  "dependencies": {
    "tc-version": {
      "version": "0.2.3",
      "resolved": "https://registry.npmjs.org/tc-version/-/tc-version-0.2.3.tgz",
      "integrity": "sha512-DCx57WtHFE+2KP8JntZ6zD8R0jURUHZjwplzjDHbf8fYpZGmMuF1cWmqqxhFJ7gyLx5kE6yQkKDFZnSxwXvWGA=="
    }
  }
}
